# This file is automatically @generated by Cargo.
# It is not intended for manual editing.
version = 3

[[package]]
name = "aho-corasick"
version = "1.0.0"
source = "registry+https://github.com/rust-lang/crates.io-index"
checksum = "e5bce8d450891e3b36f85a2230cec441fddd60e0c455b61b15bb3ffba955ca85"
dependencies = [
 "memchr",
]

[[package]]
name = "amd"
version = "0.2.2"
source = "registry+https://github.com/rust-lang/crates.io-index"
checksum = "a679e001575697a3bd195813feb57a4718ecc08dc194944015cbc5f6213c2b96"
dependencies = [
 "num-traits",
]

[[package]]
name = "autocfg"
version = "1.1.0"
source = "registry+https://github.com/rust-lang/crates.io-index"
checksum = "d468802bab17cbc0cc575e9b053f41e72aa36bfa6b7f55e3529ffa43161b97fa"

[[package]]
name = "clarabel"
version = "0.4.1"
dependencies = [
 "clarabel 0.4.1 (registry+https://github.com/rust-lang/crates.io-index)",
 "extendr-api",
 "lazy_static",
 "regex",
]

[[package]]
name = "clarabel"
version = "0.4.1"
source = "registry+https://github.com/rust-lang/crates.io-index"
checksum = "70a21456eddd029a1f290869fdd602ee084190551edf8143222c9e5f4aca2a08"
dependencies = [
 "amd",
 "derive_builder",
 "enum_dispatch",
 "lazy_static",
 "num-traits",
 "thiserror",
]

[[package]]
name = "darling"
version = "0.14.4"
source = "registry+https://github.com/rust-lang/crates.io-index"
checksum = "7b750cb3417fd1b327431a470f388520309479ab0bf5e323505daf0290cd3850"
dependencies = [
 "darling_core",
 "darling_macro",
]

[[package]]
name = "darling_core"
version = "0.14.4"
source = "registry+https://github.com/rust-lang/crates.io-index"
checksum = "109c1ca6e6b7f82cc233a97004ea8ed7ca123a9af07a8230878fcfda9b158bf0"
dependencies = [
 "fnv",
 "ident_case",
 "proc-macro2",
 "quote",
 "strsim",
 "syn 1.0.109",
]

[[package]]
name = "darling_macro"
version = "0.14.4"
source = "registry+https://github.com/rust-lang/crates.io-index"
checksum = "a4aab4dbc9f7611d8b55048a3a16d2d010c2c8334e46304b40ac1cc14bf3b48e"
dependencies = [
 "darling_core",
 "quote",
 "syn 1.0.109",
]

[[package]]
name = "derive_builder"
version = "0.11.2"
source = "registry+https://github.com/rust-lang/crates.io-index"
checksum = "d07adf7be193b71cc36b193d0f5fe60b918a3a9db4dad0449f57bcfd519704a3"
dependencies = [
 "derive_builder_macro",
]

[[package]]
name = "derive_builder_core"
version = "0.11.2"
source = "registry+https://github.com/rust-lang/crates.io-index"
checksum = "1f91d4cfa921f1c05904dc3c57b4a32c38aed3340cce209f3a6fd1478babafc4"
dependencies = [
 "darling",
 "proc-macro2",
 "quote",
 "syn 1.0.109",
]

[[package]]
name = "derive_builder_macro"
version = "0.11.2"
source = "registry+https://github.com/rust-lang/crates.io-index"
checksum = "8f0314b72bed045f3a68671b3c86328386762c93f82d98c65c3cb5e5f573dd68"
dependencies = [
 "derive_builder_core",
 "syn 1.0.109",
]

[[package]]
name = "enum_dispatch"
version = "0.3.11"
source = "registry+https://github.com/rust-lang/crates.io-index"
checksum = "11f36e95862220b211a6e2aa5eca09b4fa391b13cd52ceb8035a24bf65a79de2"
dependencies = [
 "once_cell",
 "proc-macro2",
 "quote",
 "syn 1.0.109",
]

[[package]]
name = "extendr-api"
version = "0.4.0"
source = "registry+https://github.com/rust-lang/crates.io-index"
checksum = "1e36d66fa307948c291a6fc5b09d8295dd58e88ab5e8d782d30e23670113e9ab"
dependencies = [
 "extendr-engine",
 "extendr-macros",
 "lazy_static",
 "libR-sys",
 "paste",
]

[[package]]
name = "extendr-engine"
version = "0.4.0"
source = "registry+https://github.com/rust-lang/crates.io-index"
checksum = "8298d5a2e38bb91820b92bbd7e5aaf1d3b95ed9f096fc66393c50af38ff8155d"
dependencies = [
 "libR-sys",
]

[[package]]
name = "extendr-macros"
version = "0.4.0"
source = "registry+https://github.com/rust-lang/crates.io-index"
checksum = "09bf0849f0d48209be8163378248137fed5ccb5f464d171cf93a19f31a9e6c67"
dependencies = [
 "proc-macro2",
 "quote",
 "syn 1.0.109",
]

[[package]]
name = "fnv"
version = "1.0.7"
source = "registry+https://github.com/rust-lang/crates.io-index"
checksum = "3f9eec918d3f24069decb9af1554cad7c880e2da24a9afd88aca000531ab82c1"

[[package]]
name = "ident_case"
version = "1.0.1"
source = "registry+https://github.com/rust-lang/crates.io-index"
checksum = "b9e0384b61958566e926dc50660321d12159025e767c18e043daf26b70104c39"

[[package]]
name = "lazy_static"
version = "1.4.0"
source = "registry+https://github.com/rust-lang/crates.io-index"
checksum = "e2abad23fbc42b3700f2f279844dc832adb2b2eb069b2df918f455c4e18cc646"

[[package]]
name = "libR-sys"
version = "0.4.0"
source = "registry+https://github.com/rust-lang/crates.io-index"
checksum = "cd728a97b9b0975f546bc865a7413e0ce6f98a8f6cea52e77dc5ee0bcea00adf"

[[package]]
name = "memchr"
version = "2.5.0"
source = "registry+https://github.com/rust-lang/crates.io-index"
checksum = "2dffe52ecf27772e601905b7522cb4ef790d2cc203488bbd0e2fe85fcb74566d"

[[package]]
name = "num-traits"
version = "0.2.15"
source = "registry+https://github.com/rust-lang/crates.io-index"
checksum = "578ede34cf02f8924ab9447f50c28075b4d3e5b269972345e7e0372b38c6cdcd"
dependencies = [
 "autocfg",
]

[[package]]
name = "once_cell"
version = "1.17.1"
source = "registry+https://github.com/rust-lang/crates.io-index"
checksum = "b7e5500299e16ebb147ae15a00a942af264cf3688f47923b8fc2cd5858f23ad3"

[[package]]
name = "paste"
version = "1.0.12"
source = "registry+https://github.com/rust-lang/crates.io-index"
checksum = "9f746c4065a8fa3fe23974dd82f15431cc8d40779821001404d10d2e79ca7d79"

[[package]]
name = "proc-macro2"
version = "1.0.56"
source = "registry+https://github.com/rust-lang/crates.io-index"
checksum = "2b63bdb0cd06f1f4dedf69b254734f9b45af66e4a031e42a7480257d9898b435"
dependencies = [
 "unicode-ident",
]

[[package]]
name = "quote"
version = "1.0.26"
source = "registry+https://github.com/rust-lang/crates.io-index"
checksum = "4424af4bf778aae2051a77b60283332f386554255d722233d09fbfc7e30da2fc"
dependencies = [
 "proc-macro2",
]

[[package]]
name = "regex"
version = "1.8.0"
source = "registry+https://github.com/rust-lang/crates.io-index"
checksum = "ac6cf59af1067a3fb53fbe5c88c053764e930f932be1d71d3ffe032cbe147f59"
dependencies = [
 "aho-corasick",
 "memchr",
 "regex-syntax",
]

[[package]]
name = "regex-syntax"
version = "0.7.0"
source = "registry+https://github.com/rust-lang/crates.io-index"
checksum = "b6868896879ba532248f33598de5181522d8b3d9d724dfd230911e1a7d4822f5"

[[package]]
name = "strsim"
version = "0.10.0"
source = "registry+https://github.com/rust-lang/crates.io-index"
checksum = "73473c0e59e6d5812c5dfe2a064a6444949f089e20eec9a2e5506596494e4623"

[[package]]
name = "syn"
version = "1.0.109"
source = "registry+https://github.com/rust-lang/crates.io-index"
checksum = "72b64191b275b66ffe2469e8af2c1cfe3bafa67b529ead792a6d0160888b4237"
dependencies = [
 "proc-macro2",
 "quote",
 "unicode-ident",
]

[[package]]
name = "syn"
version = "2.0.15"
source = "registry+https://github.com/rust-lang/crates.io-index"
checksum = "a34fcf3e8b60f57e6a14301a2e916d323af98b0ea63c599441eec8558660c822"
dependencies = [
 "proc-macro2",
 "quote",
 "unicode-ident",
]

[[package]]
name = "thiserror"
version = "1.0.40"
source = "registry+https://github.com/rust-lang/crates.io-index"
checksum = "978c9a314bd8dc99be594bc3c175faaa9794be04a5a5e153caba6915336cebac"
dependencies = [
 "thiserror-impl",
]

[[package]]
name = "thiserror-impl"
version = "1.0.40"
source = "registry+https://github.com/rust-lang/crates.io-index"
checksum = "f9456a42c5b0d803c8cd86e73dd7cc9edd429499f37a3550d286d5e86720569f"
dependencies = [
 "proc-macro2",
 "quote",
 "syn 2.0.15",
]

[[package]]
name = "unicode-ident"
version = "1.0.8"
source = "registry+https://github.com/rust-lang/crates.io-index"
checksum = "e5464a87b239f13a63a501f2701565754bae92d243d4bb7eb12f6d57d2269bf4"
